{
  "name": "ToDo",
  "lockfileVersion": 2,
  "requires": true,
  "packages": {
    "": {
      "devDependencies": {
        "webpack-cli": "npm:null@*"
      }
    },
    "node_modules/webpack-cli": {
      "dev": true
    }
  },
  "dependencies": {
    "webpack-cli": {
      "dev": true
    }
  }
}
